
Microsoft Visual Studio Solution File, Format Version 12.00
# Visual Studio Version 17
VisualStudioVersion = 17.5.002.0
MinimumVisualStudioVersion = 10.0.40219.1
Project("{9A19103F-16F7-4668-BE54-9A1E7A4F7556}") = "trilha-net-fundamentos-desafio", "trilha-net-fundamentos-desafio.csproj", "{D4FF5DD8-4BAF-429E-9614-3D8445E09B8D}"
EndProject
Global
	GlobalSection(SolutionConfigurationPlatforms) = preSolution
		Debug|Any CPU = Debug|Any CPU
		Release|Any CPU = Release|Any CPU
	EndGlobalSection
	GlobalSection(ProjectConfigurationPlatforms) = postSolution
		{D4FF5DD8-4BAF-429E-9614-3D8445E09B8D}.Debug|Any CPU.ActiveCfg = Debug|Any CPU
		{D4FF5DD8-4BAF-429E-9614-3D8445E09B8D}.Debug|Any CPU.Build.0 = Debug|Any CPU
		{D4FF5DD8-4BAF-429E-9614-3D8445E09B8D}.Release|Any CPU.ActiveCfg = Release|Any CPU
		{D4FF5DD8-4BAF-429E-9614-3D8445E09B8D}.Release|Any CPU.Build.0 = Release|Any CPU
	EndGlobalSection
	GlobalSection(SolutionProperties) = preSolution
		HideSolutionNode = FALSE
	EndGlobalSection
	GlobalSection(ExtensibilityGlobals) = postSolution
		SolutionGuid = {40ED4A9C-22D8-4119-A07A-FF130262C69B}
	EndGlobalSection
EndGlobal
